Microsoft Visual Studio Solution File, Format Version 12.00
# Visual Studio Version 17
VisualStudioVersion = 17.0.31903.59
MinimumVisualStudioVersion = 10.0.40219.1
Project("{2150E333-8FDC-42A3-9474-1A3956D46DE8}") = "src", "src", "{827E0CD3-B72D-47B6-A68D-7590B98EB39B}"
EndProject
Project("{FAE04EC0-301F-11D3-BF4B-00C04F79EFBC}") = "SacraScriptura.Domain", "src\SacraScriptura.Domain\SacraScriptura.Domain.csproj", "{E3DC1094-3526-4150-9B31-8AEA3D81F0D8}"
EndProject
Project("{FAE04EC0-301F-11D3-BF4B-00C04F79EFBC}") = "SacraScriptura.Application", "src\SacraScriptura.Application\SacraScriptura.Application.csproj", "{9E869FC7-9DC7-45E8-A9E5-D70CE6E3F606}"
EndProject
Project("{FAE04EC0-301F-11D3-BF4B-00C04F79EFBC}") = "SacraScriptura.Infrastructure", "src\SacraScriptura.Infrastructure\SacraScriptura.Infrastructure.csproj", "{6BB75839-277A-402C-86BD-4A4BAE6A72E6}"
EndProject
Project("{FAE04EC0-301F-11D3-BF4B-00C04F79EFBC}") = "SacraScriptura.API", "src\SacraScriptura.API\SacraScriptura.API.csproj", "{1C8054A8-6B17-410D-AEB6-72C323A239D3}"
EndProject
Global
	GlobalSection(SolutionConfigurationPlatforms) = preSolution
		Debug|Any CPU = Debug|Any CPU
		Debug|x64 = Debug|x64
		Debug|x86 = Debug|x86
		Release|Any CPU = Release|Any CPU
		Release|x64 = Release|x64
		Release|x86 = Release|x86
	EndGlobalSection
	GlobalSection(ProjectConfigurationPlatforms) = postSolution
		{E3DC1094-3526-4150-9B31-8AEA3D81F0D8}.Debug|Any CPU.ActiveCfg = Debug|Any CPU
		{E3DC1094-3526-4150-9B31-8AEA3D81F0D8}.Debug|Any CPU.Build.0 = Debug|Any CPU
		{E3DC1094-3526-4150-9B31-8AEA3D81F0D8}.Debug|x64.ActiveCfg = Debug|Any CPU
		{E3DC1094-3526-4150-9B31-8AEA3D81F0D8}.Debug|x64.Build.0 = Debug|Any CPU
		{E3DC1094-3526-4150-9B31-8AEA3D81F0D8}.Debug|x86.ActiveCfg = Debug|Any CPU
		{E3DC1094-3526-4150-9B31-8AEA3D81F0D8}.Debug|x86.Build.0 = Debug|Any CPU
		{E3DC1094-3526-4150-9B31-8AEA3D81F0D8}.Release|Any CPU.ActiveCfg = Release|Any CPU
		{E3DC1094-3526-4150-9B31-8AEA3D81F0D8}.Release|Any CPU.Build.0 = Release|Any CPU
		{E3DC1094-3526-4150-9B31-8AEA3D81F0D8}.Release|x64.ActiveCfg = Release|Any CPU
		{E3DC1094-3526-4150-9B31-8AEA3D81F0D8}.Release|x64.Build.0 = Release|Any CPU
		{E3DC1094-3526-4150-9B31-8AEA3D81F0D8}.Release|x86.ActiveCfg = Release|Any CPU
		{E3DC1094-3526-4150-9B31-8AEA3D81F0D8}.Release|x86.Build.0 = Release|Any CPU
		{9E869FC7-9DC7-45E8-A9E5-D70CE6E3F606}.Debug|Any CPU.ActiveCfg = Debug|Any CPU
		{9E869FC7-9DC7-45E8-A9E5-D70CE6E3F606}.Debug|Any CPU.Build.0 = Debug|Any CPU
		{9E869FC7-9DC7-45E8-A9E5-D70CE6E3F606}.Debug|x64.ActiveCfg = Debug|Any CPU
		{9E869FC7-9DC7-45E8-A9E5-D70CE6E3F606}.Debug|x64.Build.0 = Debug|Any CPU
		{9E869FC7-9DC7-45E8-A9E5-D70CE6E3F606}.Debug|x86.ActiveCfg = Debug|Any CPU
		{9E869FC7-9DC7-45E8-A9E5-D70CE6E3F606}.Debug|x86.Build.0 = Debug|Any CPU
		{9E869FC7-9DC7-45E8-A9E5-D70CE6E3F606}.Release|Any CPU.ActiveCfg = Release|Any CPU
		{9E869FC7-9DC7-45E8-A9E5-D70CE6E3F606}.Release|Any CPU.Build.0 = Release|Any CPU
		{9E869FC7-9DC7-45E8-A9E5-D70CE6E3F606}.Release|x64.ActiveCfg = Release|Any CPU
		{9E869FC7-9DC7-45E8-A9E5-D70CE6E3F606}.Release|x64.Build.0 = Release|Any CPU
		{9E869FC7-9DC7-45E8-A9E5-D70CE6E3F606}.Release|x86.ActiveCfg = Release|Any CPU
		{9E869FC7-9DC7-45E8-A9E5-D70CE6E3F606}.Release|x86.Build.0 = Release|Any CPU
		{6BB75839-277A-402C-86BD-4A4BAE6A72E6}.Debug|Any CPU.ActiveCfg = Debug|Any CPU
		{6BB75839-277A-402C-86BD-4A4BAE6A72E6}.Debug|Any CPU.Build.0 = Debug|Any CPU
		{6BB75839-277A-402C-86BD-4A4BAE6A72E6}.Debug|x64.ActiveCfg = Debug|Any CPU
		{6BB75839-277A-402C-86BD-4A4BAE6A72E6}.Debug|x64.Build.0 = Debug|Any CPU
		{6BB75839-277A-402C-86BD-4A4BAE6A72E6}.Debug|x86.ActiveCfg = Debug|Any CPU
		{6BB75839-277A-402C-86BD-4A4BAE6A72E6}.Debug|x86.Build.0 = Debug|Any CPU
		{6BB75839-277A-402C-86BD-4A4BAE6A72E6}.Release|Any CPU.ActiveCfg = Release|Any CPU
		{6BB75839-277A-402C-86BD-4A4BAE6A72E6}.Release|Any CPU.Build.0 = Release|Any CPU
		{6BB75839-277A-402C-86BD-4A4BAE6A72E6}.Release|x64.ActiveCfg = Release|Any CPU
		{6BB75839-277A-402C-86BD-4A4BAE6A72E6}.Release|x64.Build.0 = Release|Any CPU
		{6BB75839-277A-402C-86BD-4A4BAE6A72E6}.Release|x86.ActiveCfg = Release|Any CPU
		{6BB75839-277A-402C-86BD-4A4BAE6A72E6}.Release|x86.Build.0 = Release|Any CPU
		{1C8054A8-6B17-410D-AEB6-72C323A239D3}.Debug|Any CPU.ActiveCfg = Debug|Any CPU
		{1C8054A8-6B17-410D-AEB6-72C323A239D3}.Debug|Any CPU.Build.0 = Debug|Any CPU
		{1C8054A8-6B17-410D-AEB6-72C323A239D3}.Debug|x64.ActiveCfg = Debug|Any CPU
		{1C8054A8-6B17-410D-AEB6-72C323A239D3}.Debug|x64.Build.0 = Debug|Any CPU
		{1C8054A8-6B17-410D-AEB6-72C323A239D3}.Debug|x86.ActiveCfg = Debug|Any CPU
		{1C8054A8-6B17-410D-AEB6-72C323A239D3}.Debug|x86.Build.0 = Debug|Any CPU
		{1C8054A8-6B17-410D-AEB6-72C323A239D3}.Release|Any CPU.ActiveCfg = Release|Any CPU
		{1C8054A8-6B17-410D-AEB6-72C323A239D3}.Release|Any CPU.Build.0 = Release|Any CPU
		{1C8054A8-6B17-410D-AEB6-72C323A239D3}.Release|x64.ActiveCfg = Release|Any CPU
		{1C8054A8-6B17-410D-AEB6-72C323A239D3}.Release|x64.Build.0 = Release|Any CPU
		{1C8054A8-6B17-410D-AEB6-72C323A239D3}.Release|x86.ActiveCfg = Release|Any CPU
		{1C8054A8-6B17-410D-AEB6-72C323A239D3}.Release|x86.Build.0 = Release|Any CPU
	EndGlobalSection
	GlobalSection(SolutionProperties) = preSolution
		HideSolutionNode = FALSE
	EndGlobalSection
	GlobalSection(NestedProjects) = preSolution
		{E3DC1094-3526-4150-9B31-8AEA3D81F0D8} = {827E0CD3-B72D-47B6-A68D-7590B98EB39B}
		{9E869FC7-9DC7-45E8-A9E5-D70CE6E3F606} = {827E0CD3-B72D-47B6-A68D-7590B98EB39B}
		{6BB75839-277A-402C-86BD-4A4BAE6A72E6} = {827E0CD3-B72D-47B6-A68D-7590B98EB39B}
		{1C8054A8-6B17-410D-AEB6-72C323A239D3} = {827E0CD3-B72D-47B6-A68D-7590B98EB39B}
	EndGlobalSection
EndGlobal
