Microsoft Visual Studio Solution File, Format Version 12.00
# Visual Studio Version 17
VisualStudioVersion = 17.0.31903.59
MinimumVisualStudioVersion = 10.0.40219.1
Project("{2150E333-8FDC-42A3-9474-1A3956D46DE8}") = "src", "src", "{827E0CD3-B72D-47B6-A68D-7590B98EB39B}"
EndProject
Project("{FAE04EC0-301F-11D3-BF4B-00C04F79EFBC}") = "SacraScriptura.Admin.Domain", "src\SacraScriptura.Admin.Domain\SacraScriptura.Admin.Domain.csproj", "{E3DC1094-3526-4150-9B31-8AEA3D81F0D8}"
EndProject
Project("{FAE04EC0-301F-11D3-BF4B-00C04F79EFBC}") = "SacraScriptura.Admin.Application", "src\SacraScriptura.Admin.Application\SacraScriptura.Admin.Application.csproj", "{9E869FC7-9DC7-45E8-A9E5-D70CE6E3F606}"
EndProject
Project("{FAE04EC0-301F-11D3-BF4B-00C04F79EFBC}") = "SacraScriptura.Admin.Infrastructure", "src\SacraScriptura.Admin.Infrastructure\SacraScriptura.Admin.Infrastructure.csproj", "{6BB75839-277A-402C-86BD-4A4BAE6A72E6}"
EndProject
Project("{FAE04EC0-301F-11D3-BF4B-00C04F79EFBC}") = "SacraScriptura.Admin.API", "src\SacraScriptura.Admin.API\SacraScriptura.Admin.API.csproj", "{1C8054A8-6B17-410D-AEB6-72C323A239D3}"
EndProject
Project("{2150E333-8FDC-42A3-9474-1A3956D46DE8}") = "tests", "tests", "{D2E35C9F-6E6B-4D52-9E6A-0A0A9A3C9A7E}"
EndProject
Project("{FAE04EC0-301F-11D3-BF4B-00C04F79EFBC}") = "SacraScriptura.Shared.Domain.Tests", "tests\SacraScriptura.Shared.Domain.Tests\SacraScriptura.Shared.Domain.Tests.csproj", "{5F8F9A3D-E9A7-4D2E-A5A0-F7A3E8C6F0F0}"
EndProject
Project("{FAE04EC0-301F-11D3-BF4B-00C04F79EFBC}") = "SacraScriptura.Shared.Domain", "src\SacraScriptura.Shared.Domain\SacraScriptura.Shared.Domain.csproj", "{0F26489A-5C91-4223-8D9E-0CD98D82B857}"
EndProject
Project("{FAE04EC0-301F-11D3-BF4B-00C04F79EFBC}") = "SacraScriptura.Shared.Infrastructure", "src\SacraScriptura.Shared.Infrastructure\SacraScriptura.Shared.Infrastructure.csproj", "{3D32BACC-503A-4753-AFD5-0132636306DD}"
EndProject
Project("{FAE04EC0-301F-11D3-BF4B-00C04F79EFBC}") = "Sacrascriptura.Web.API", "src\Sacrascriptura.Web.API\Sacrascriptura.Web.API.csproj", "{6E1D17DF-9D99-45C1-AF43-A6C38B7C6BE5}"
EndProject
Project("{FAE04EC0-301F-11D3-BF4B-00C04F79EFBC}") = "SacraScriptura.Web.Application", "src\SacraScriptura.Web.Application\SacraScriptura.Web.Application.csproj", "{3A6285D0-6E8D-49AA-AC81-CFBFC164B3AD}"
EndProject
Project("{FAE04EC0-301F-11D3-BF4B-00C04F79EFBC}") = "SacraScriptura.Web.Domain", "src\SacraScriptura.Web.Domain\SacraScriptura.Web.Domain.csproj", "{3589665E-ED2A-44B1-9C8E-CE6685176513}"
EndProject
Project("{FAE04EC0-301F-11D3-BF4B-00C04F79EFBC}") = "SacraScriptura.Web.Infrastructure", "src\SacraScriptura.Web.Infrastructure\SacraScriptura.Web.Infrastructure.csproj", "{E8441DCE-7BDC-4B5A-A98F-FA754AD07A41}"
EndProject
Global
	GlobalSection(SolutionConfigurationPlatforms) = preSolution
		Debug|Any CPU = Debug|Any CPU
		Debug|x64 = Debug|x64
		Debug|x86 = Debug|x86
		Release|Any CPU = Release|Any CPU
		Release|x64 = Release|x64
		Release|x86 = Release|x86
	EndGlobalSection
	GlobalSection(ProjectConfigurationPlatforms) = postSolution
		{E3DC1094-3526-4150-9B31-8AEA3D81F0D8}.Debug|Any CPU.ActiveCfg = Debug|Any CPU
		{E3DC1094-3526-4150-9B31-8AEA3D81F0D8}.Debug|Any CPU.Build.0 = Debug|Any CPU
		{E3DC1094-3526-4150-9B31-8AEA3D81F0D8}.Debug|x64.ActiveCfg = Debug|Any CPU
		{E3DC1094-3526-4150-9B31-8AEA3D81F0D8}.Debug|x64.Build.0 = Debug|Any CPU
		{E3DC1094-3526-4150-9B31-8AEA3D81F0D8}.Debug|x86.ActiveCfg = Debug|Any CPU
		{E3DC1094-3526-4150-9B31-8AEA3D81F0D8}.Debug|x86.Build.0 = Debug|Any CPU
		{E3DC1094-3526-4150-9B31-8AEA3D81F0D8}.Release|Any CPU.ActiveCfg = Release|Any CPU
		{E3DC1094-3526-4150-9B31-8AEA3D81F0D8}.Release|Any CPU.Build.0 = Release|Any CPU
		{E3DC1094-3526-4150-9B31-8AEA3D81F0D8}.Release|x64.ActiveCfg = Release|Any CPU
		{E3DC1094-3526-4150-9B31-8AEA3D81F0D8}.Release|x64.Build.0 = Release|Any CPU
		{E3DC1094-3526-4150-9B31-8AEA3D81F0D8}.Release|x86.ActiveCfg = Release|Any CPU
		{E3DC1094-3526-4150-9B31-8AEA3D81F0D8}.Release|x86.Build.0 = Release|Any CPU
		{9E869FC7-9DC7-45E8-A9E5-D70CE6E3F606}.Debug|Any CPU.ActiveCfg = Debug|Any CPU
		{9E869FC7-9DC7-45E8-A9E5-D70CE6E3F606}.Debug|Any CPU.Build.0 = Debug|Any CPU
		{9E869FC7-9DC7-45E8-A9E5-D70CE6E3F606}.Debug|x64.ActiveCfg = Debug|Any CPU
		{9E869FC7-9DC7-45E8-A9E5-D70CE6E3F606}.Debug|x64.Build.0 = Debug|Any CPU
		{9E869FC7-9DC7-45E8-A9E5-D70CE6E3F606}.Debug|x86.ActiveCfg = Debug|Any CPU
		{9E869FC7-9DC7-45E8-A9E5-D70CE6E3F606}.Debug|x86.Build.0 = Debug|Any CPU
		{9E869FC7-9DC7-45E8-A9E5-D70CE6E3F606}.Release|Any CPU.ActiveCfg = Release|Any CPU
		{9E869FC7-9DC7-45E8-A9E5-D70CE6E3F606}.Release|Any CPU.Build.0 = Release|Any CPU
		{9E869FC7-9DC7-45E8-A9E5-D70CE6E3F606}.Release|x64.ActiveCfg = Release|Any CPU
		{9E869FC7-9DC7-45E8-A9E5-D70CE6E3F606}.Release|x64.Build.0 = Release|Any CPU
		{9E869FC7-9DC7-45E8-A9E5-D70CE6E3F606}.Release|x86.ActiveCfg = Release|Any CPU
		{9E869FC7-9DC7-45E8-A9E5-D70CE6E3F606}.Release|x86.Build.0 = Release|Any CPU
		{6BB75839-277A-402C-86BD-4A4BAE6A72E6}.Debug|Any CPU.ActiveCfg = Debug|Any CPU
		{6BB75839-277A-402C-86BD-4A4BAE6A72E6}.Debug|Any CPU.Build.0 = Debug|Any CPU
		{6BB75839-277A-402C-86BD-4A4BAE6A72E6}.Debug|x64.ActiveCfg = Debug|Any CPU
		{6BB75839-277A-402C-86BD-4A4BAE6A72E6}.Debug|x64.Build.0 = Debug|Any CPU
		{6BB75839-277A-402C-86BD-4A4BAE6A72E6}.Debug|x86.ActiveCfg = Debug|Any CPU
		{6BB75839-277A-402C-86BD-4A4BAE6A72E6}.Debug|x86.Build.0 = Debug|Any CPU
		{6BB75839-277A-402C-86BD-4A4BAE6A72E6}.Release|Any CPU.ActiveCfg = Release|Any CPU
		{6BB75839-277A-402C-86BD-4A4BAE6A72E6}.Release|Any CPU.Build.0 = Release|Any CPU
		{6BB75839-277A-402C-86BD-4A4BAE6A72E6}.Release|x64.ActiveCfg = Release|Any CPU
		{6BB75839-277A-402C-86BD-4A4BAE6A72E6}.Release|x64.Build.0 = Release|Any CPU
		{6BB75839-277A-402C-86BD-4A4BAE6A72E6}.Release|x86.ActiveCfg = Release|Any CPU
		{6BB75839-277A-402C-86BD-4A4BAE6A72E6}.Release|x86.Build.0 = Release|Any CPU
		{1C8054A8-6B17-410D-AEB6-72C323A239D3}.Debug|Any CPU.ActiveCfg = Debug|Any CPU
		{1C8054A8-6B17-410D-AEB6-72C323A239D3}.Debug|Any CPU.Build.0 = Debug|Any CPU
		{1C8054A8-6B17-410D-AEB6-72C323A239D3}.Debug|x64.ActiveCfg = Debug|Any CPU
		{1C8054A8-6B17-410D-AEB6-72C323A239D3}.Debug|x64.Build.0 = Debug|Any CPU
		{1C8054A8-6B17-410D-AEB6-72C323A239D3}.Debug|x86.ActiveCfg = Debug|Any CPU
		{1C8054A8-6B17-410D-AEB6-72C323A239D3}.Debug|x86.Build.0 = Debug|Any CPU
		{1C8054A8-6B17-410D-AEB6-72C323A239D3}.Release|Any CPU.ActiveCfg = Release|Any CPU
		{1C8054A8-6B17-410D-AEB6-72C323A239D3}.Release|Any CPU.Build.0 = Release|Any CPU
		{1C8054A8-6B17-410D-AEB6-72C323A239D3}.Release|x64.ActiveCfg = Release|Any CPU
		{1C8054A8-6B17-410D-AEB6-72C323A239D3}.Release|x64.Build.0 = Release|Any CPU
		{1C8054A8-6B17-410D-AEB6-72C323A239D3}.Release|x86.ActiveCfg = Release|Any CPU
		{1C8054A8-6B17-410D-AEB6-72C323A239D3}.Release|x86.Build.0 = Release|Any CPU
		{5F8F9A3D-E9A7-4D2E-A5A0-F7A3E8C6F0F0}.Debug|Any CPU.ActiveCfg = Debug|Any CPU
		{5F8F9A3D-E9A7-4D2E-A5A0-F7A3E8C6F0F0}.Debug|Any CPU.Build.0 = Debug|Any CPU
		{5F8F9A3D-E9A7-4D2E-A5A0-F7A3E8C6F0F0}.Debug|x64.ActiveCfg = Debug|Any CPU
		{5F8F9A3D-E9A7-4D2E-A5A0-F7A3E8C6F0F0}.Debug|x64.Build.0 = Debug|Any CPU
		{5F8F9A3D-E9A7-4D2E-A5A0-F7A3E8C6F0F0}.Debug|x86.ActiveCfg = Debug|Any CPU
		{5F8F9A3D-E9A7-4D2E-A5A0-F7A3E8C6F0F0}.Debug|x86.Build.0 = Debug|Any CPU
		{5F8F9A3D-E9A7-4D2E-A5A0-F7A3E8C6F0F0}.Release|Any CPU.ActiveCfg = Release|Any CPU
		{5F8F9A3D-E9A7-4D2E-A5A0-F7A3E8C6F0F0}.Release|Any CPU.Build.0 = Release|Any CPU
		{5F8F9A3D-E9A7-4D2E-A5A0-F7A3E8C6F0F0}.Release|x64.ActiveCfg = Release|Any CPU
		{5F8F9A3D-E9A7-4D2E-A5A0-F7A3E8C6F0F0}.Release|x64.Build.0 = Release|Any CPU
		{5F8F9A3D-E9A7-4D2E-A5A0-F7A3E8C6F0F0}.Release|x86.ActiveCfg = Release|Any CPU
		{5F8F9A3D-E9A7-4D2E-A5A0-F7A3E8C6F0F0}.Release|x86.Build.0 = Release|Any CPU
		{0F26489A-5C91-4223-8D9E-0CD98D82B857}.Debug|Any CPU.ActiveCfg = Debug|Any CPU
		{0F26489A-5C91-4223-8D9E-0CD98D82B857}.Debug|Any CPU.Build.0 = Debug|Any CPU
		{0F26489A-5C91-4223-8D9E-0CD98D82B857}.Debug|x64.ActiveCfg = Debug|Any CPU
		{0F26489A-5C91-4223-8D9E-0CD98D82B857}.Debug|x64.Build.0 = Debug|Any CPU
		{0F26489A-5C91-4223-8D9E-0CD98D82B857}.Debug|x86.ActiveCfg = Debug|Any CPU
		{0F26489A-5C91-4223-8D9E-0CD98D82B857}.Debug|x86.Build.0 = Debug|Any CPU
		{0F26489A-5C91-4223-8D9E-0CD98D82B857}.Release|Any CPU.ActiveCfg = Release|Any CPU
		{0F26489A-5C91-4223-8D9E-0CD98D82B857}.Release|Any CPU.Build.0 = Release|Any CPU
		{0F26489A-5C91-4223-8D9E-0CD98D82B857}.Release|x64.ActiveCfg = Release|Any CPU
		{0F26489A-5C91-4223-8D9E-0CD98D82B857}.Release|x64.Build.0 = Release|Any CPU
		{0F26489A-5C91-4223-8D9E-0CD98D82B857}.Release|x86.ActiveCfg = Release|Any CPU
		{0F26489A-5C91-4223-8D9E-0CD98D82B857}.Release|x86.Build.0 = Release|Any CPU
		{3D32BACC-503A-4753-AFD5-0132636306DD}.Debug|Any CPU.ActiveCfg = Debug|Any CPU
		{3D32BACC-503A-4753-AFD5-0132636306DD}.Debug|Any CPU.Build.0 = Debug|Any CPU
		{3D32BACC-503A-4753-AFD5-0132636306DD}.Debug|x64.ActiveCfg = Debug|Any CPU
		{3D32BACC-503A-4753-AFD5-0132636306DD}.Debug|x64.Build.0 = Debug|Any CPU
		{3D32BACC-503A-4753-AFD5-0132636306DD}.Debug|x86.ActiveCfg = Debug|Any CPU
		{3D32BACC-503A-4753-AFD5-0132636306DD}.Debug|x86.Build.0 = Debug|Any CPU
		{3D32BACC-503A-4753-AFD5-0132636306DD}.Release|Any CPU.ActiveCfg = Release|Any CPU
		{3D32BACC-503A-4753-AFD5-0132636306DD}.Release|Any CPU.Build.0 = Release|Any CPU
		{3D32BACC-503A-4753-AFD5-0132636306DD}.Release|x64.ActiveCfg = Release|Any CPU
		{3D32BACC-503A-4753-AFD5-0132636306DD}.Release|x64.Build.0 = Release|Any CPU
		{3D32BACC-503A-4753-AFD5-0132636306DD}.Release|x86.ActiveCfg = Release|Any CPU
		{3D32BACC-503A-4753-AFD5-0132636306DD}.Release|x86.Build.0 = Release|Any CPU
		{6E1D17DF-9D99-45C1-AF43-A6C38B7C6BE5}.Debug|Any CPU.ActiveCfg = Debug|Any CPU
		{6E1D17DF-9D99-45C1-AF43-A6C38B7C6BE5}.Debug|Any CPU.Build.0 = Debug|Any CPU
		{6E1D17DF-9D99-45C1-AF43-A6C38B7C6BE5}.Debug|x64.ActiveCfg = Debug|Any CPU
		{6E1D17DF-9D99-45C1-AF43-A6C38B7C6BE5}.Debug|x64.Build.0 = Debug|Any CPU
		{6E1D17DF-9D99-45C1-AF43-A6C38B7C6BE5}.Debug|x86.ActiveCfg = Debug|Any CPU
		{6E1D17DF-9D99-45C1-AF43-A6C38B7C6BE5}.Debug|x86.Build.0 = Debug|Any CPU
		{6E1D17DF-9D99-45C1-AF43-A6C38B7C6BE5}.Release|Any CPU.ActiveCfg = Release|Any CPU
		{6E1D17DF-9D99-45C1-AF43-A6C38B7C6BE5}.Release|Any CPU.Build.0 = Release|Any CPU
		{6E1D17DF-9D99-45C1-AF43-A6C38B7C6BE5}.Release|x64.ActiveCfg = Release|Any CPU
		{6E1D17DF-9D99-45C1-AF43-A6C38B7C6BE5}.Release|x64.Build.0 = Release|Any CPU
		{6E1D17DF-9D99-45C1-AF43-A6C38B7C6BE5}.Release|x86.ActiveCfg = Release|Any CPU
		{6E1D17DF-9D99-45C1-AF43-A6C38B7C6BE5}.Release|x86.Build.0 = Release|Any CPU
		{3A6285D0-6E8D-49AA-AC81-CFBFC164B3AD}.Debug|Any CPU.ActiveCfg = Debug|Any CPU
		{3A6285D0-6E8D-49AA-AC81-CFBFC164B3AD}.Debug|Any CPU.Build.0 = Debug|Any CPU
		{3A6285D0-6E8D-49AA-AC81-CFBFC164B3AD}.Debug|x64.ActiveCfg = Debug|Any CPU
		{3A6285D0-6E8D-49AA-AC81-CFBFC164B3AD}.Debug|x64.Build.0 = Debug|Any CPU
		{3A6285D0-6E8D-49AA-AC81-CFBFC164B3AD}.Debug|x86.ActiveCfg = Debug|Any CPU
		{3A6285D0-6E8D-49AA-AC81-CFBFC164B3AD}.Debug|x86.Build.0 = Debug|Any CPU
		{3A6285D0-6E8D-49AA-AC81-CFBFC164B3AD}.Release|Any CPU.ActiveCfg = Release|Any CPU
		{3A6285D0-6E8D-49AA-AC81-CFBFC164B3AD}.Release|Any CPU.Build.0 = Release|Any CPU
		{3A6285D0-6E8D-49AA-AC81-CFBFC164B3AD}.Release|x64.ActiveCfg = Release|Any CPU
		{3A6285D0-6E8D-49AA-AC81-CFBFC164B3AD}.Release|x64.Build.0 = Release|Any CPU
		{3A6285D0-6E8D-49AA-AC81-CFBFC164B3AD}.Release|x86.ActiveCfg = Release|Any CPU
		{3A6285D0-6E8D-49AA-AC81-CFBFC164B3AD}.Release|x86.Build.0 = Release|Any CPU
		{3589665E-ED2A-44B1-9C8E-CE6685176513}.Debug|Any CPU.ActiveCfg = Debug|Any CPU
		{3589665E-ED2A-44B1-9C8E-CE6685176513}.Debug|Any CPU.Build.0 = Debug|Any CPU
		{3589665E-ED2A-44B1-9C8E-CE6685176513}.Debug|x64.ActiveCfg = Debug|Any CPU
		{3589665E-ED2A-44B1-9C8E-CE6685176513}.Debug|x64.Build.0 = Debug|Any CPU
		{3589665E-ED2A-44B1-9C8E-CE6685176513}.Debug|x86.ActiveCfg = Debug|Any CPU
		{3589665E-ED2A-44B1-9C8E-CE6685176513}.Debug|x86.Build.0 = Debug|Any CPU
		{3589665E-ED2A-44B1-9C8E-CE6685176513}.Release|Any CPU.ActiveCfg = Release|Any CPU
		{3589665E-ED2A-44B1-9C8E-CE6685176513}.Release|Any CPU.Build.0 = Release|Any CPU
		{3589665E-ED2A-44B1-9C8E-CE6685176513}.Release|x64.ActiveCfg = Release|Any CPU
		{3589665E-ED2A-44B1-9C8E-CE6685176513}.Release|x64.Build.0 = Release|Any CPU
		{3589665E-ED2A-44B1-9C8E-CE6685176513}.Release|x86.ActiveCfg = Release|Any CPU
		{3589665E-ED2A-44B1-9C8E-CE6685176513}.Release|x86.Build.0 = Release|Any CPU
		{E8441DCE-7BDC-4B5A-A98F-FA754AD07A41}.Debug|Any CPU.ActiveCfg = Debug|Any CPU
		{E8441DCE-7BDC-4B5A-A98F-FA754AD07A41}.Debug|Any CPU.Build.0 = Debug|Any CPU
		{E8441DCE-7BDC-4B5A-A98F-FA754AD07A41}.Debug|x64.ActiveCfg = Debug|Any CPU
		{E8441DCE-7BDC-4B5A-A98F-FA754AD07A41}.Debug|x64.Build.0 = Debug|Any CPU
		{E8441DCE-7BDC-4B5A-A98F-FA754AD07A41}.Debug|x86.ActiveCfg = Debug|Any CPU
		{E8441DCE-7BDC-4B5A-A98F-FA754AD07A41}.Debug|x86.Build.0 = Debug|Any CPU
		{E8441DCE-7BDC-4B5A-A98F-FA754AD07A41}.Release|Any CPU.ActiveCfg = Release|Any CPU
		{E8441DCE-7BDC-4B5A-A98F-FA754AD07A41}.Release|Any CPU.Build.0 = Release|Any CPU
		{E8441DCE-7BDC-4B5A-A98F-FA754AD07A41}.Release|x64.ActiveCfg = Release|Any CPU
		{E8441DCE-7BDC-4B5A-A98F-FA754AD07A41}.Release|x64.Build.0 = Release|Any CPU
		{E8441DCE-7BDC-4B5A-A98F-FA754AD07A41}.Release|x86.ActiveCfg = Release|Any CPU
		{E8441DCE-7BDC-4B5A-A98F-FA754AD07A41}.Release|x86.Build.0 = Release|Any CPU
	EndGlobalSection
	GlobalSection(SolutionProperties) = preSolution
		HideSolutionNode = FALSE
	EndGlobalSection
	GlobalSection(NestedProjects) = preSolution
		{E3DC1094-3526-4150-9B31-8AEA3D81F0D8} = {827E0CD3-B72D-47B6-A68D-7590B98EB39B}
		{9E869FC7-9DC7-45E8-A9E5-D70CE6E3F606} = {827E0CD3-B72D-47B6-A68D-7590B98EB39B}
		{6BB75839-277A-402C-86BD-4A4BAE6A72E6} = {827E0CD3-B72D-47B6-A68D-7590B98EB39B}
		{1C8054A8-6B17-410D-AEB6-72C323A239D3} = {827E0CD3-B72D-47B6-A68D-7590B98EB39B}
		{5F8F9A3D-E9A7-4D2E-A5A0-F7A3E8C6F0F0} = {D2E35C9F-6E6B-4D52-9E6A-0A0A9A3C9A7E}
		{0F26489A-5C91-4223-8D9E-0CD98D82B857} = {827E0CD3-B72D-47B6-A68D-7590B98EB39B}
		{3D32BACC-503A-4753-AFD5-0132636306DD} = {827E0CD3-B72D-47B6-A68D-7590B98EB39B}
		{6E1D17DF-9D99-45C1-AF43-A6C38B7C6BE5} = {827E0CD3-B72D-47B6-A68D-7590B98EB39B}
		{3A6285D0-6E8D-49AA-AC81-CFBFC164B3AD} = {827E0CD3-B72D-47B6-A68D-7590B98EB39B}
		{3589665E-ED2A-44B1-9C8E-CE6685176513} = {827E0CD3-B72D-47B6-A68D-7590B98EB39B}
		{E8441DCE-7BDC-4B5A-A98F-FA754AD07A41} = {827E0CD3-B72D-47B6-A68D-7590B98EB39B}
	EndGlobalSection
EndGlobal
